
Microsoft Visual Studio Solution File, Format Version 12.00
# Visual Studio Version 17
VisualStudioVersion = 17.1.32210.238
MinimumVisualStudioVersion = 10.0.40219.1
Project("{9A19103F-16F7-4668-BE54-9A1E7A4F7556}") = "bookecommercewebsite", "bookecommercewebsite.csproj", "{0642441D-6A65-4F08-91CC-9BFFE3030BD0}"
EndProject
Project("{FAE04EC0-301F-11D3-BF4B-00C04F79EFBC}") = "Indrastructure", "..\Indrastructure\Indrastructure.csproj", "{822C11B7-6BE4-47F2-80AF-6D0D13BD71A1}"
EndProject
Global
	GlobalSection(SolutionConfigurationPlatforms) = preSolution
		Debug|Any CPU = Debug|Any CPU
		Release|Any CPU = Release|Any CPU
	EndGlobalSection
	GlobalSection(ProjectConfigurationPlatforms) = postSolution
		{0642441D-6A65-4F08-91CC-9BFFE3030BD0}.Debug|Any CPU.ActiveCfg = Debug|Any CPU
		{0642441D-6A65-4F08-91CC-9BFFE3030BD0}.Debug|Any CPU.Build.0 = Debug|Any CPU
		{0642441D-6A65-4F08-91CC-9BFFE3030BD0}.Release|Any CPU.ActiveCfg = Release|Any CPU
		{0642441D-6A65-4F08-91CC-9BFFE3030BD0}.Release|Any CPU.Build.0 = Release|Any CPU
		{822C11B7-6BE4-47F2-80AF-6D0D13BD71A1}.Debug|Any CPU.ActiveCfg = Debug|Any CPU
		{822C11B7-6BE4-47F2-80AF-6D0D13BD71A1}.Debug|Any CPU.Build.0 = Debug|Any CPU
		{822C11B7-6BE4-47F2-80AF-6D0D13BD71A1}.Release|Any CPU.ActiveCfg = Release|Any CPU
		{822C11B7-6BE4-47F2-80AF-6D0D13BD71A1}.Release|Any CPU.Build.0 = Release|Any CPU
	EndGlobalSection
	GlobalSection(SolutionProperties) = preSolution
		HideSolutionNode = FALSE
	EndGlobalSection
	GlobalSection(ExtensibilityGlobals) = postSolution
		SolutionGuid = {5DA58393-128F-4E2D-8EAE-3EEE322B118C}
	EndGlobalSection
EndGlobal
